<?xml version="1.0" encoding="utf-8"?>
<Project ToolsVersion="4.0" xmlns="http://schemas.microsoft.com/developer/msbuild/2003">
  <ItemGroup>
    <Filter Include="Source Files">
      <UniqueIdentifier>{4FC737F1-C7A5-4376-A066-2A32D752A2FF}</UniqueIdentifier>
      <Extensions>cpp;c;cc;cxx;c++;cppm;ixx;def;odl;idl;hpj;bat;asm;asmx</Extensions>
    </Filter>
    <Filter Include="Header Files">
      <UniqueIdentifier>{93995380-89BD-4b04-88EB-625FBE52EBFB}</UniqueIdentifier>
      <Extensions>h;hh;hpp;hxx;h++;hm;inl;inc;ipp;xsd</Extensions>
    </Filter>
    <Filter Include="Resource Files">
      <UniqueIdentifier>{67DA6AB6-F800-4c08-8B7A-83BB121AAD01}</UniqueIdentifier>
      <Extensions>rc;ico;cur;bmp;dlg;rc2;rct;bin;rgs;gif;jpg;jpeg;jpe;resx;tiff;tif;png;wav;mfcribbon-ms</Extensions>
    </Filter>
  </ItemGroup>
  <ItemGroup>
    <ClCompile Include="chessCounter.cpp">
      <Filter>Source Files</Filter>
    </ClCompile>
    <ClCompile Include="LegalChecker.cpp">
      <Filter>Source Files</Filter>
    </ClCompile>
    <ClCompile Include="LegalParams.cpp">
      <Filter>Source Files</Filter>
    </ClCompile>
    <ClCompile Include="runner.cpp">
      <Filter>Source Files</Filter>
    </ClCompile>
    <ClCompile Include="sf\benchmark.cpp">
      <Filter>Source Files</Filter>
    </ClCompile>
    <ClCompile Include="sf\bitbase.cpp">
      <Filter>Source Files</Filter>
    </ClCompile>
    <ClCompile Include="sf\bitboard.cpp">
      <Filter>Source Files</Filter>
    </ClCompile>
    <ClCompile Include="sf\endgame.cpp">
      <Filter>Source Files</Filter>
    </ClCompile>
    <ClCompile Include="sf\evaluate.cpp">
      <Filter>Source Files</Filter>
    </ClCompile>
    <ClCompile Include="sf\main.cpp">
      <Filter>Source Files</Filter>
    </ClCompile>
    <ClCompile Include="sf\material.cpp">
      <Filter>Source Files</Filter>
    </ClCompile>
    <ClCompile Include="sf\misc.cpp">
      <Filter>Source Files</Filter>
    </ClCompile>
    <ClCompile Include="sf\movegen.cpp">
      <Filter>Source Files</Filter>
    </ClCompile>
    <ClCompile Include="sf\movepick.cpp">
      <Filter>Source Files</Filter>
    </ClCompile>
    <ClCompile Include="sf\pawns.cpp">
      <Filter>Source Files</Filter>
    </ClCompile>
    <ClCompile Include="sf\position.cpp">
      <Filter>Source Files</Filter>
    </ClCompile>
    <ClCompile Include="sf\psqt.cpp">
      <Filter>Source Files</Filter>
    </ClCompile>
    <ClCompile Include="sf\search.cpp">
      <Filter>Source Files</Filter>
    </ClCompile>
    <ClCompile Include="sf\thread.cpp">
      <Filter>Source Files</Filter>
    </ClCompile>
    <ClCompile Include="sf\timeman.cpp">
      <Filter>Source Files</Filter>
    </ClCompile>
    <ClCompile Include="sf\tt.cpp">
      <Filter>Source Files</Filter>
    </ClCompile>
    <ClCompile Include="sf\tune.cpp">
      <Filter>Source Files</Filter>
    </ClCompile>
    <ClCompile Include="sf\uci.cpp">
      <Filter>Source Files</Filter>
    </ClCompile>
    <ClCompile Include="sf\ucioption.cpp">
      <Filter>Source Files</Filter>
    </ClCompile>
    <ClCompile Include="sf\syzygy\tbprobe.cpp">
      <Filter>Source Files</Filter>
    </ClCompile>
    <ClCompile Include="sf\nnue\evaluate_nnue.cpp">
      <Filter>Source Files</Filter>
    </ClCompile>
    <ClCompile Include="sf\nnue\features\half_kp.cpp">
      <Filter>Source Files</Filter>
    </ClCompile>
    <ClCompile Include="OpeningLimit.cpp">
      <Filter>Source Files</Filter>
    </ClCompile>
  </ItemGroup>
  <ItemGroup>
    <ClInclude Include="LegalChecker.h">
      <Filter>Header Files</Filter>
    </ClInclude>
    <ClInclude Include="LegalParams.h">
      <Filter>Header Files</Filter>
    </ClInclude>
    <ClInclude Include="runner.h">
      <Filter>Header Files</Filter>
    </ClInclude>
    <ClInclude Include="sf\bitboard.h">
      <Filter>Header Files</Filter>
    </ClInclude>
    <ClInclude Include="sf\endgame.h">
      <Filter>Header Files</Filter>
    </ClInclude>
    <ClInclude Include="sf\evaluate.h">
      <Filter>Header Files</Filter>
    </ClInclude>
    <ClInclude Include="sf\material.h">
      <Filter>Header Files</Filter>
    </ClInclude>
    <ClInclude Include="sf\misc.h">
      <Filter>Header Files</Filter>
    </ClInclude>
    <ClInclude Include="sf\movegen.h">
      <Filter>Header Files</Filter>
    </ClInclude>
    <ClInclude Include="sf\movepick.h">
      <Filter>Header Files</Filter>
    </ClInclude>
    <ClInclude Include="sf\pawns.h">
      <Filter>Header Files</Filter>
    </ClInclude>
    <ClInclude Include="sf\position.h">
      <Filter>Header Files</Filter>
    </ClInclude>
    <ClInclude Include="sf\search.h">
      <Filter>Header Files</Filter>
    </ClInclude>
    <ClInclude Include="sf\thread.h">
      <Filter>Header Files</Filter>
    </ClInclude>
    <ClInclude Include="sf\thread_win32_osx.h">
      <Filter>Header Files</Filter>
    </ClInclude>
    <ClInclude Include="sf\timeman.h">
      <Filter>Header Files</Filter>
    </ClInclude>
    <ClInclude Include="sf\tt.h">
      <Filter>Header Files</Filter>
    </ClInclude>
    <ClInclude Include="sf\tune.h">
      <Filter>Header Files</Filter>
    </ClInclude>
    <ClInclude Include="sf\types.h">
      <Filter>Header Files</Filter>
    </ClInclude>
    <ClInclude Include="sf\uci.h">
      <Filter>Header Files</Filter>
    </ClInclude>
    <ClInclude Include="sf\syzygy\tbprobe.h">
      <Filter>Header Files</Filter>
    </ClInclude>
    <ClInclude Include="sf\nnue\evaluate_nnue.h">
      <Filter>Header Files</Filter>
    </ClInclude>
    <ClInclude Include="sf\nnue\nnue_accumulator.h">
      <Filter>Header Files</Filter>
    </ClInclude>
    <ClInclude Include="sf\nnue\nnue_architecture.h">
      <Filter>Header Files</Filter>
    </ClInclude>
    <ClInclude Include="sf\nnue\nnue_common.h">
      <Filter>Header Files</Filter>
    </ClInclude>
    <ClInclude Include="sf\nnue\nnue_feature_transformer.h">
      <Filter>Header Files</Filter>
    </ClInclude>
    <ClInclude Include="sf\nnue\architectures\halfkp_256x2-32-32.h">
      <Filter>Header Files</Filter>
    </ClInclude>
    <ClInclude Include="sf\nnue\features\feature_set.h">
      <Filter>Header Files</Filter>
    </ClInclude>
    <ClInclude Include="sf\nnue\features\features_common.h">
      <Filter>Header Files</Filter>
    </ClInclude>
    <ClInclude Include="sf\nnue\features\half_kp.h">
      <Filter>Header Files</Filter>
    </ClInclude>
    <ClInclude Include="sf\nnue\features\index_list.h">
      <Filter>Header Files</Filter>
    </ClInclude>
    <ClInclude Include="sf\nnue\layers\affine_transform.h">
      <Filter>Header Files</Filter>
    </ClInclude>
    <ClInclude Include="sf\nnue\layers\clipped_relu.h">
      <Filter>Header Files</Filter>
    </ClInclude>
    <ClInclude Include="sf\nnue\layers\input_slice.h">
      <Filter>Header Files</Filter>
    </ClInclude>
    <ClInclude Include="sf\incbin\incbin.h">
      <Filter>Header Files</Filter>
    </ClInclude>
    <ClInclude Include="OpeningLimit.h">
      <Filter>Header Files</Filter>
    </ClInclude>
  </ItemGroup>
</Project>